
Microsoft Visual Studio Solution File, Format Version 12.00
# Visual Studio Version 17
VisualStudioVersion = 17.2.32630.192
MinimumVisualStudioVersion = 10.0.40219.1
Project("{FAE04EC0-301F-11D3-BF4B-00C04F79EFBC}") = "Commerce.Panel", "Commerce\Commerce.Panel.csproj", "{EF6EEA77-616C-4465-8FC1-6F79AAA7FB8D}"
EndProject
Project("{FAE04EC0-301F-11D3-BF4B-00C04F79EFBC}") = "Commerce.Data.Engine", "Commerce.Data.Engine\Commerce.Data.Engine.csproj", "{4F3192D5-E300-49B5-89C2-65F42060F11F}"
EndProject
Global
	GlobalSection(SolutionConfigurationPlatforms) = preSolution
		Debug|Any CPU = Debug|Any CPU
		Release|Any CPU = Release|Any CPU
	EndGlobalSection
	GlobalSection(ProjectConfigurationPlatforms) = postSolution
		{EF6EEA77-616C-4465-8FC1-6F79AAA7FB8D}.Debug|Any CPU.ActiveCfg = Debug|Any CPU
		{EF6EEA77-616C-4465-8FC1-6F79AAA7FB8D}.Debug|Any CPU.Build.0 = Debug|Any CPU
		{EF6EEA77-616C-4465-8FC1-6F79AAA7FB8D}.Release|Any CPU.ActiveCfg = Release|Any CPU
		{EF6EEA77-616C-4465-8FC1-6F79AAA7FB8D}.Release|Any CPU.Build.0 = Release|Any CPU
		{4F3192D5-E300-49B5-89C2-65F42060F11F}.Debug|Any CPU.ActiveCfg = Debug|Any CPU
		{4F3192D5-E300-49B5-89C2-65F42060F11F}.Debug|Any CPU.Build.0 = Debug|Any CPU
		{4F3192D5-E300-49B5-89C2-65F42060F11F}.Release|Any CPU.ActiveCfg = Release|Any CPU
		{4F3192D5-E300-49B5-89C2-65F42060F11F}.Release|Any CPU.Build.0 = Release|Any CPU
	EndGlobalSection
	GlobalSection(SolutionProperties) = preSolution
		HideSolutionNode = FALSE
	EndGlobalSection
	GlobalSection(ExtensibilityGlobals) = postSolution
		SolutionGuid = {A5A57919-13E4-4508-8E30-D7E4CDC5B3F7}
	EndGlobalSection
EndGlobal
